
Microsoft Visual Studio Solution File, Format Version 12.00
# Visual Studio Version 17
VisualStudioVersion = 17.0.31903.59
MinimumVisualStudioVersion = 10.0.40219.1
Project("{2150E333-8FDC-42A3-9474-1A3956D46DE8}") = "source", "source", "{02EA681E-C7D8-13C7-8484-4AC65E1B71E8}"
EndProject
Project("{FAE04EC0-301F-11D3-BF4B-00C04F79EFBC}") = "AyazDuru.Samples.AI.Chat.Console", "source\AyazDuru.Samples.AI.Chat.Console\AyazDuru.Samples.AI.Chat.Console.csproj", "{1B3CCCED-FF3D-49D3-8E2B-C995E05975E2}"
EndProject
Project("{FAE04EC0-301F-11D3-BF4B-00C04F79EFBC}") = "AyazDuru.Samples.AI.Chat.AppHost", "source\AyazDuru.Samples.AI.Chat.AppHost\AyazDuru.Samples.AI.Chat.AppHost.csproj", "{45E331CF-963A-FA8C-9FF2-661CA9FEDC11}"
EndProject
Project("{FAE04EC0-301F-11D3-BF4B-00C04F79EFBC}") = "AyazDuru.Samples.AI.Chat.ServiceDefaults", "source\AyazDuru.Samples.AI.Chat.ServiceDefaults\AyazDuru.Samples.AI.Chat.ServiceDefaults.csproj", "{BFB6B9C0-6204-D1ED-E49E-A5ACB6F718B5}"
EndProject
Project("{FAE04EC0-301F-11D3-BF4B-00C04F79EFBC}") = "AyazDuru.Samples.AI.Chat.Web", "source\AyazDuru.Samples.AI.Chat.Web\AyazDuru.Samples.AI.Chat.Web.csproj", "{0ECF487A-1E4C-DECC-2E00-194C63615D85}"
EndProject
Project("{2150E333-8FDC-42A3-9474-1A3956D46DE8}") = "EchoSharp", "EchoSharp", "{D674792B-234F-4D3A-BE64-D07E5D7C78E6}"
EndProject
Project("{FAE04EC0-301F-11D3-BF4B-00C04F79EFBC}") = "EchoSharp.NAudio", "source\EchoSharp\components\EchoSharp.NAudio\EchoSharp.NAudio.csproj", "{F00B250C-3644-8173-D27C-13883E59E48F}"
EndProject
Project("{FAE04EC0-301F-11D3-BF4B-00C04F79EFBC}") = "EchoSharp.Onnx.SileroVad", "source\EchoSharp\components\EchoSharp.Onnx.SileroVad\EchoSharp.Onnx.SileroVad.csproj", "{F434CE1D-9488-DF17-F02F-7F19665AD8E0}"
EndProject
Project("{FAE04EC0-301F-11D3-BF4B-00C04F79EFBC}") = "EchoSharp.Whisper.net", "source\EchoSharp\components\EchoSharp.Whisper.net\EchoSharp.Whisper.net.csproj", "{7A206C1B-4415-D617-77B4-C0149187F001}"
EndProject
Project("{FAE04EC0-301F-11D3-BF4B-00C04F79EFBC}") = "EchoSharp", "source\EchoSharp\src\EchoSharp\EchoSharp.csproj", "{EA6F377A-AD7A-EB1F-2071-787EE8158F15}"
EndProject
Global
	GlobalSection(SolutionConfigurationPlatforms) = preSolution
		Debug|Any CPU = Debug|Any CPU
		Release|Any CPU = Release|Any CPU
	EndGlobalSection
	GlobalSection(ProjectConfigurationPlatforms) = postSolution
		{1B3CCCED-FF3D-49D3-8E2B-C995E05975E2}.Debug|Any CPU.ActiveCfg = Debug|Any CPU
		{1B3CCCED-FF3D-49D3-8E2B-C995E05975E2}.Debug|Any CPU.Build.0 = Debug|Any CPU
		{1B3CCCED-FF3D-49D3-8E2B-C995E05975E2}.Release|Any CPU.ActiveCfg = Release|Any CPU
		{1B3CCCED-FF3D-49D3-8E2B-C995E05975E2}.Release|Any CPU.Build.0 = Release|Any CPU
		{45E331CF-963A-FA8C-9FF2-661CA9FEDC11}.Debug|Any CPU.ActiveCfg = Debug|Any CPU
		{45E331CF-963A-FA8C-9FF2-661CA9FEDC11}.Debug|Any CPU.Build.0 = Debug|Any CPU
		{45E331CF-963A-FA8C-9FF2-661CA9FEDC11}.Release|Any CPU.ActiveCfg = Release|Any CPU
		{45E331CF-963A-FA8C-9FF2-661CA9FEDC11}.Release|Any CPU.Build.0 = Release|Any CPU
		{BFB6B9C0-6204-D1ED-E49E-A5ACB6F718B5}.Debug|Any CPU.ActiveCfg = Debug|Any CPU
		{BFB6B9C0-6204-D1ED-E49E-A5ACB6F718B5}.Debug|Any CPU.Build.0 = Debug|Any CPU
		{BFB6B9C0-6204-D1ED-E49E-A5ACB6F718B5}.Release|Any CPU.ActiveCfg = Release|Any CPU
		{BFB6B9C0-6204-D1ED-E49E-A5ACB6F718B5}.Release|Any CPU.Build.0 = Release|Any CPU
		{0ECF487A-1E4C-DECC-2E00-194C63615D85}.Debug|Any CPU.ActiveCfg = Debug|Any CPU
		{0ECF487A-1E4C-DECC-2E00-194C63615D85}.Debug|Any CPU.Build.0 = Debug|Any CPU
		{0ECF487A-1E4C-DECC-2E00-194C63615D85}.Release|Any CPU.ActiveCfg = Release|Any CPU
		{0ECF487A-1E4C-DECC-2E00-194C63615D85}.Release|Any CPU.Build.0 = Release|Any CPU
		{F00B250C-3644-8173-D27C-13883E59E48F}.Debug|Any CPU.ActiveCfg = Debug|Any CPU
		{F00B250C-3644-8173-D27C-13883E59E48F}.Debug|Any CPU.Build.0 = Debug|Any CPU
		{F00B250C-3644-8173-D27C-13883E59E48F}.Release|Any CPU.ActiveCfg = Release|Any CPU
		{F00B250C-3644-8173-D27C-13883E59E48F}.Release|Any CPU.Build.0 = Release|Any CPU
		{F434CE1D-9488-DF17-F02F-7F19665AD8E0}.Debug|Any CPU.ActiveCfg = Debug|Any CPU
		{F434CE1D-9488-DF17-F02F-7F19665AD8E0}.Debug|Any CPU.Build.0 = Debug|Any CPU
		{F434CE1D-9488-DF17-F02F-7F19665AD8E0}.Release|Any CPU.ActiveCfg = Release|Any CPU
		{F434CE1D-9488-DF17-F02F-7F19665AD8E0}.Release|Any CPU.Build.0 = Release|Any CPU
		{7A206C1B-4415-D617-77B4-C0149187F001}.Debug|Any CPU.ActiveCfg = Debug|Any CPU
		{7A206C1B-4415-D617-77B4-C0149187F001}.Debug|Any CPU.Build.0 = Debug|Any CPU
		{7A206C1B-4415-D617-77B4-C0149187F001}.Release|Any CPU.ActiveCfg = Release|Any CPU
		{7A206C1B-4415-D617-77B4-C0149187F001}.Release|Any CPU.Build.0 = Release|Any CPU
		{EA6F377A-AD7A-EB1F-2071-787EE8158F15}.Debug|Any CPU.ActiveCfg = Debug|Any CPU
		{EA6F377A-AD7A-EB1F-2071-787EE8158F15}.Debug|Any CPU.Build.0 = Debug|Any CPU
		{EA6F377A-AD7A-EB1F-2071-787EE8158F15}.Release|Any CPU.ActiveCfg = Release|Any CPU
		{EA6F377A-AD7A-EB1F-2071-787EE8158F15}.Release|Any CPU.Build.0 = Release|Any CPU
	EndGlobalSection
	GlobalSection(SolutionProperties) = preSolution
		HideSolutionNode = FALSE
	EndGlobalSection
	GlobalSection(NestedProjects) = preSolution
		{1B3CCCED-FF3D-49D3-8E2B-C995E05975E2} = {02EA681E-C7D8-13C7-8484-4AC65E1B71E8}
		{45E331CF-963A-FA8C-9FF2-661CA9FEDC11} = {02EA681E-C7D8-13C7-8484-4AC65E1B71E8}
		{BFB6B9C0-6204-D1ED-E49E-A5ACB6F718B5} = {02EA681E-C7D8-13C7-8484-4AC65E1B71E8}
		{0ECF487A-1E4C-DECC-2E00-194C63615D85} = {02EA681E-C7D8-13C7-8484-4AC65E1B71E8}
		{D674792B-234F-4D3A-BE64-D07E5D7C78E6} = {02EA681E-C7D8-13C7-8484-4AC65E1B71E8}
		{F00B250C-3644-8173-D27C-13883E59E48F} = {D674792B-234F-4D3A-BE64-D07E5D7C78E6}
		{F434CE1D-9488-DF17-F02F-7F19665AD8E0} = {D674792B-234F-4D3A-BE64-D07E5D7C78E6}
		{7A206C1B-4415-D617-77B4-C0149187F001} = {D674792B-234F-4D3A-BE64-D07E5D7C78E6}
		{EA6F377A-AD7A-EB1F-2071-787EE8158F15} = {D674792B-234F-4D3A-BE64-D07E5D7C78E6}
	EndGlobalSection
	GlobalSection(ExtensibilityGlobals) = postSolution
		SolutionGuid = {724DFC79-E7AE-4DFB-8517-B51B280E2DBE}
	EndGlobalSection
EndGlobal
